// !$*UTF8*$!
{
	archiveVersion = 1;
	classes = {
	};
	objectVersion = 46;
	objects = {
/* Begin PBXBuildFile section */
		30B77DD61E66518E00EF3A78 /* ElectrodeBridgeDelegateTests.m in Sources */ = {isa = PBXBuildFile; fileRef = 30B77DD51E66518E00EF3A78 /* ElectrodeBridgeDelegateTests.m */; };
		30F8CDE41E677D7C00413247 /* ElectrodeReactNativeTests.m in Sources */ = {isa = PBXBuildFile; fileRef = 30F8CDE31E677D7C00413247 /* ElectrodeReactNativeTests.m */; };
		30F8CDEE1E67946E00413247 /* ElectrodeReactNative_Internal.h in Headers */ = {isa = PBXBuildFile; fileRef = 30F8CDED1E67946E00413247 /* ElectrodeReactNative_Internal.h */; };
		485009ED1E2FF23C009B6610 /* ElectrodeApiImpl.framework in Frameworks */ = {isa = PBXBuildFile; fileRef = 485009E31E2FF23B009B6610 /* ElectrodeApiImpl.framework */; };
		485009F21E2FF23C009B6610 /* ElectrodeApiImplTests.m in Sources */ = {isa = PBXBuildFile; fileRef = 485009F11E2FF23C009B6610 /* ElectrodeApiImplTests.m */; };
		485009F41E2FF23C009B6610 /* ElectrodeApiImpl.h in Headers */ = {isa = PBXBuildFile; fileRef = 485009E61E2FF23B009B6610 /* ElectrodeApiImpl.h */; settings = {ATTRIBUTES = (Public, ); }; };
		48500A981E2FF55B009B6610 /* ElectrodeReactNative.h in Headers */ = {isa = PBXBuildFile; fileRef = 48500A961E2FF55B009B6610 /* ElectrodeReactNative.h */; settings = {ATTRIBUTES = (Public, ); }; };
		48500A991E2FF55B009B6610 /* ElectrodeReactNative.m in Sources */ = {isa = PBXBuildFile; fileRef = 48500A971E2FF55B009B6610 /* ElectrodeReactNative.m */; };
		6E28F6D823DBB722004A51CB /* ElectrodePluginConfig.h in Headers */ = {isa = PBXBuildFile; fileRef = 6E28F6D723DBB722004A51CB /* ElectrodePluginConfig.h */; };
		968333D71E54E3470031C565 /* ElectrodeBridgeDelegate.h in Headers */ = {isa = PBXBuildFile; fileRef = 968333D51E54E3470031C565 /* ElectrodeBridgeDelegate.h */; settings = {ATTRIBUTES = (Public, ); }; };
		968333D81E54E3470031C565 /* ElectrodeBridgeDelegate.m in Sources */ = {isa = PBXBuildFile; fileRef = 968333D61E54E3470031C565 /* ElectrodeBridgeDelegate.m */; };
		9AA935F328244DF79E5F29E8 /* Item.swift in Sources */ = {isa = PBXBuildFile; fileRef = 9C431597E9044C4099BEC7A6 /* Item.swift */; };
		E10544CEE04A4C159FAB4EC9 /* WalmartItemAPI.swift in Sources */ = {isa = PBXBuildFile; fileRef = 922A6E5D84474F7B840F42BC /* WalmartItemAPI.swift */; };
		5C0D7724CC904FB29E412B4B /* WalmartItemEvents.swift in Sources */ = {isa = PBXBuildFile; fileRef = 59C7213BF5764497ACE87081 /* WalmartItemEvents.swift */; };
		A6619120F42C469BAE3199E0 /* WalmartItemRequests.swift in Sources */ = {isa = PBXBuildFile; fileRef = A353C9E8ADF8456F88CF6533 /* WalmartItemRequests.swift */; };
		F47B946FE7D845EAA5F7EAF6 /* Item.swift in Headers */ = {isa = PBXBuildFile; fileRef = 9C431597E9044C4099BEC7A6 /* Item.swift */; settings = {ATTRIBUTES = (Public, ); }; };
		35E2D272B7D14A2A82BC0F5B /* WalmartItemAPI.swift in Headers */ = {isa = PBXBuildFile; fileRef = 922A6E5D84474F7B840F42BC /* WalmartItemAPI.swift */; settings = {ATTRIBUTES = (Public, ); }; };
		77FD983ECE50423C9BC9A3CC /* WalmartItemEvents.swift in Headers */ = {isa = PBXBuildFile; fileRef = 59C7213BF5764497ACE87081 /* WalmartItemEvents.swift */; settings = {ATTRIBUTES = (Public, ); }; };
		28DDC3361263484D8488CAC4 /* WalmartItemRequests.swift in Headers */ = {isa = PBXBuildFile; fileRef = A353C9E8ADF8456F88CF6533 /* WalmartItemRequests.swift */; settings = {ATTRIBUTES = (Public, ); }; };
		8486E9B0355C4076B514772A /* ElectrodeObject.swift in Sources */ = {isa = PBXBuildFile; fileRef = FE0549ECE13B45F9A012CFBD /* ElectrodeObject.swift */; };
		7522E06D72FA485188DF1FE8 /* Bridgeable.swift in Sources */ = {isa = PBXBuildFile; fileRef = E7BEE9129BC14C29A74598D0 /* Bridgeable.swift */; };
		14ADFC868A354DB6ACFAF4CF /* ElectrodeRequestHandlerProcessor.swift in Sources */ = {isa = PBXBuildFile; fileRef = CD618D8E8C2D4F659878F56F /* ElectrodeRequestHandlerProcessor.swift */; };
		9DAD6EE4D34549A8830AD177 /* ElectrodeRequestProcessor.swift in Sources */ = {isa = PBXBuildFile; fileRef = 249B9D7FCE7C45CBA16939A5 /* ElectrodeRequestProcessor.swift */; };
		19FA4255B1F54D1E81704253 /* ElectrodeUtilities.swift in Sources */ = {isa = PBXBuildFile; fileRef = E1E7552FB19440DD8E8A8A67 /* ElectrodeUtilities.swift */; };
		2DB1BEDF7C824674A7D1094F /* EventListenerProcessor.swift in Sources */ = {isa = PBXBuildFile; fileRef = C0A087DC2219476CB0F969CF /* EventListenerProcessor.swift */; };
		44C99D248BC8443CA3C6B7F5 /* EventProcessor.swift in Sources */ = {isa = PBXBuildFile; fileRef = C9A7C460831D4D9AAFB61F8C /* EventProcessor.swift */; };
		3049DD6296044CC6AD0F9C89 /* Processor.swift in Sources */ = {isa = PBXBuildFile; fileRef = CC45FB17947F4AF08CC9AA44 /* Processor.swift */; };
		B8F7B0C152164203BBE78765 /* None.swift in Sources */ = {isa = PBXBuildFile; fileRef = 0D11F14C82F64E81A1A29CF5 /* None.swift */; };
		4DFCE7A386DE450DB9430E66 /* ElectrodeBridgeEvent.m in Sources */ = {isa = PBXBuildFile; fileRef = 6FBB9EAAE23D433FB2EE8EA7 /* ElectrodeBridgeEvent.m */; };
		20D8783F93FA4CDE8348AC1E /* ElectrodeBridgeFailureMessage.m in Sources */ = {isa = PBXBuildFile; fileRef = 39C20025D45A4E979CB72285 /* ElectrodeBridgeFailureMessage.m */; };
		EA1C09975C6042F8853F0A40 /* ElectrodeBridgeHolder.m in Sources */ = {isa = PBXBuildFile; fileRef = 482FB0159E6544049F289743 /* ElectrodeBridgeHolder.m */; };
		A12CAE85F7C04D6CB7FBD6A9 /* ElectrodeBridgeMessage.m in Sources */ = {isa = PBXBuildFile; fileRef = 92F366F8F2A649B3A4894062 /* ElectrodeBridgeMessage.m */; };
		BAE3FB9126B84E65830519C3 /* ElectrodeBridgeProtocols.m in Sources */ = {isa = PBXBuildFile; fileRef = 6543476031834852A305405F /* ElectrodeBridgeProtocols.m */; };
		EA09061959D84C57BFA22586 /* ElectrodeBridgeRequest.m in Sources */ = {isa = PBXBuildFile; fileRef = 569E70D36E96453E9E5CE7A6 /* ElectrodeBridgeRequest.m */; };
		0E20AC1EB65E4DEE84F62D07 /* ElectrodeBridgeResponse.m in Sources */ = {isa = PBXBuildFile; fileRef = 9D726B0EE24842679DA930DE /* ElectrodeBridgeResponse.m */; };
		63DFCC25E3DD4CEDBF33D9AF /* ElectrodeBridgeTransaction.m in Sources */ = {isa = PBXBuildFile; fileRef = A9D48425085448F780653BB5 /* ElectrodeBridgeTransaction.m */; };
		EDDFB1E70A5E4DD48DEC2E05 /* ElectrodeBridgeTransceiver.m in Sources */ = {isa = PBXBuildFile; fileRef = 5EBCFA6E61744BFFA853C933 /* ElectrodeBridgeTransceiver.m */; };
		150E8C831E16434185725389 /* ElectrodeEventDispatcher.m in Sources */ = {isa = PBXBuildFile; fileRef = 1892E3704A4543F99A041720 /* ElectrodeEventDispatcher.m */; };
		021BA8A95CB24AE5A14A2634 /* ElectrodeEventRegistrar.m in Sources */ = {isa = PBXBuildFile; fileRef = 743AAE5DC9B04E279636CB00 /* ElectrodeEventRegistrar.m */; };
		03D2CE1426254BBFAB58A355 /* ElectrodeRequestDispatcher.m in Sources */ = {isa = PBXBuildFile; fileRef = 2BEED2CD1E5F4922A67D7D02 /* ElectrodeRequestDispatcher.m */; };
		695967A63F834901A1A0BB03 /* ElectrodeRequestRegistrar.m in Sources */ = {isa = PBXBuildFile; fileRef = D12A3B92CA3B401F9255F047 /* ElectrodeRequestRegistrar.m */; };
		9D40BDFD526F44B1940B5455 /* ElectrodeLogger.m in Sources */ = {isa = PBXBuildFile; fileRef = 796E56C27A5946858398FE3C /* ElectrodeLogger.m */; };
		AB067F2614BB436BB874F7AB /* ElectrodeBridgeEvent.h in Headers */ = {isa = PBXBuildFile; fileRef = AB2FA62FF3444DC9B59DD7C3 /* ElectrodeBridgeEvent.h */; settings = {ATTRIBUTES = (Public, ); }; };
		F803DFE1A2DF420FB1029C58 /* ElectrodeBridgeFailureMessage.h in Headers */ = {isa = PBXBuildFile; fileRef = D27B3D7D25914C5DA40B4ED1 /* ElectrodeBridgeFailureMessage.h */; settings = {ATTRIBUTES = (Public, ); }; };
		AE5709EE1BAE4274979ECB4B /* ElectrodeBridgeHolder.h in Headers */ = {isa = PBXBuildFile; fileRef = 6D478BAFB8EE48388879A7A4 /* ElectrodeBridgeHolder.h */; settings = {ATTRIBUTES = (Public, ); }; };
		DBD00226960249E49C893A5B /* ElectrodeBridgeMessage.h in Headers */ = {isa = PBXBuildFile; fileRef = C14995814D8D4EAE88CE5357 /* ElectrodeBridgeMessage.h */; settings = {ATTRIBUTES = (Public, ); }; };
		7D592DCC04C74542A472D397 /* ElectrodeBridgeProtocols.h in Headers */ = {isa = PBXBuildFile; fileRef = 184BED607D6842DF949E8260 /* ElectrodeBridgeProtocols.h */; settings = {ATTRIBUTES = (Public, ); }; };
		03E6549623264CDA8C2DE09A /* ElectrodeBridgeRequest.h in Headers */ = {isa = PBXBuildFile; fileRef = 25D22D72A38249FE9F416ABA /* ElectrodeBridgeRequest.h */; settings = {ATTRIBUTES = (Public, ); }; };
		0A28B9D06F414D7D92C91C7F /* ElectrodeBridgeTransaction.h in Headers */ = {isa = PBXBuildFile; fileRef = EBDF74F55EE345B68E017005 /* ElectrodeBridgeTransaction.h */; };
		979F0415F0C848249571A8AC /* ElectrodeBridgeTransceiver.h in Headers */ = {isa = PBXBuildFile; fileRef = 6067DDCDD60747C9B8EC32E5 /* ElectrodeBridgeTransceiver.h */; };
		B3DDE7C206484E308D596DE8 /* ElectrodeBridgeTransceiver_Internal.h in Headers */ = {isa = PBXBuildFile; fileRef = DEB5F7149EBC4684A4D3C92D /* ElectrodeBridgeTransceiver_Internal.h */; };
		81F80E8D8F284CAA8F3660DA /* ElectrodeEventDispatcher.h in Headers */ = {isa = PBXBuildFile; fileRef = 6EB769CDA718438587DACF75 /* ElectrodeEventDispatcher.h */; };
		C034EB1CAF464667A4A2C2BD /* ElectrodeEventRegistrar.h in Headers */ = {isa = PBXBuildFile; fileRef = CB98339F7CA84AD9B25B7A8E /* ElectrodeEventRegistrar.h */; };
		21A8D1EA3A04495FAC7374AA /* ElectrodeRequestDispatcher.h in Headers */ = {isa = PBXBuildFile; fileRef = 26BEA6F2442E45F39D77D81C /* ElectrodeRequestDispatcher.h */; };
		CD934374767E4C89874D6F20 /* ElectrodeRequestRegistrar.h in Headers */ = {isa = PBXBuildFile; fileRef = E188813EDB514B159EEEB53D /* ElectrodeRequestRegistrar.h */; };
		3969F6E019F6469EA78E4344 /* ElectrodeReactNativeBridge.h in Headers */ = {isa = PBXBuildFile; fileRef = 9070201706AC4F52962EA132 /* ElectrodeReactNativeBridge.h */; };
		D1CAB4E506044E27BC311335 /* ElectrodeBridgeResponse.h in Headers */ = {isa = PBXBuildFile; fileRef = 64887D7975B4475ABBC429DE /* ElectrodeBridgeResponse.h */; };
		4CA9592173684680AA398890 /* ElectrodeLogger.h in Headers */ = {isa = PBXBuildFile; fileRef = 99B3F5DE42D548F8BD8681E7 /* ElectrodeLogger.h */; settings = {ATTRIBUTES = (Public, ); }; };
		EAC240AB7D5540E194C6DFF6 /* RequestHandlerConfig.swift in Sources */ = {isa = PBXBuildFile; fileRef = 586AE8E6683942F4B678F8A1 /* RequestHandlerConfig.swift */; };
		45B8188479EA4440A93D8E7E /* RequestHandlerProvider.swift in Sources */ = {isa = PBXBuildFile; fileRef = 932D6CBA285E428499E2FA11 /* RequestHandlerProvider.swift */; };
		9A9786D2ED66455ABEF2F4F3 /* RequestHandlerConfig.swift in undefined */ = {isa = PBXBuildFile; fileRef = 586AE8E6683942F4B678F8A1 /* RequestHandlerConfig.swift */; };
		BE2FDED1CC77465384FE3741 /* RequestHandlerProvider.swift in undefined */ = {isa = PBXBuildFile; fileRef = 932D6CBA285E428499E2FA11 /* RequestHandlerProvider.swift */; };
		49FA9C305F4E404F9FA2A63D /* WalmartItemApiController.swift in Sources */ = {isa = PBXBuildFile; fileRef = E9FCA40541D341C7909894DF /* WalmartItemApiController.swift */; };
		68AC72A7B49C44C581BC38CB /* WalmartItemApiRequestHandlerDelegate.swift in Sources */ = {isa = PBXBuildFile; fileRef = 8D3EA6200FAD4C44B92782D5 /* WalmartItemApiRequestHandlerDelegate.swift */; };
/* End PBXBuildFile section */

/* Begin PBXContainerItemProxy section */
		485009EE1E2FF23C009B6610 /* PBXContainerItemProxy */ = {
			isa = PBXContainerItemProxy;
			containerPortal = 485009DA1E2FF23B009B6610 /* Project object */;
			proxyType = 1;
			remoteGlobalIDString = 485009E21E2FF23B009B6610;
			remoteInfo = ElectrodeApiImpl;
		};
/* End PBXContainerItemProxy section */

/* Begin PBXFileReference section */
		2265A4A11EB26943007D6C3D /* Info.plist */ = {isa = PBXFileReference; fileEncoding = 4; lastKnownFileType = text.plist.xml; path = Info.plist; sourceTree = "<group>"; };
		30B77DD51E66518E00EF3A78 /* ElectrodeBridgeDelegateTests.m */ = {isa = PBXFileReference; fileEncoding = 4; lastKnownFileType = sourcecode.c.objc; path = ElectrodeBridgeDelegateTests.m; sourceTree = "<group>"; };
		30F8CDE31E677D7C00413247 /* ElectrodeReactNativeTests.m */ = {isa = PBXFileReference; fileEncoding = 4; lastKnownFileType = sourcecode.c.objc; path = ElectrodeReactNativeTests.m; sourceTree = "<group>"; };
		30F8CDED1E67946E00413247 /* ElectrodeReactNative_Internal.h */ = {isa = PBXFileReference; fileEncoding = 4; lastKnownFileType = sourcecode.c.h; path = ElectrodeReactNative_Internal.h; sourceTree = "<group>"; };
		485009E31E2FF23B009B6610 /* ElectrodeApiImpl.framework */ = {isa = PBXFileReference; explicitFileType = wrapper.framework; includeInIndex = 0; path = ElectrodeApiImpl.framework; sourceTree = BUILT_PRODUCTS_DIR; };
		485009E61E2FF23B009B6610 /* ElectrodeApiImpl.h */ = {isa = PBXFileReference; lastKnownFileType = sourcecode.c.h; path = ElectrodeApiImpl.h; sourceTree = "<group>"; };
		485009EC1E2FF23C009B6610 /* ElectrodeApiImplTests.xctest */ = {isa = PBXFileReference; explicitFileType = wrapper.cfbundle; includeInIndex = 0; path = ElectrodeApiImplTests.xctest; sourceTree = BUILT_PRODUCTS_DIR; };
		485009F11E2FF23C009B6610 /* ElectrodeApiImplTests.m */ = {isa = PBXFileReference; lastKnownFileType = sourcecode.c.objc; path = ElectrodeApiImplTests.m; sourceTree = "<group>"; };
		485009F31E2FF23C009B6610 /* Info.plist */ = {isa = PBXFileReference; lastKnownFileType = text.plist.xml; path = Info.plist; sourceTree = "<group>"; };
		48500A961E2FF55B009B6610 /* ElectrodeReactNative.h */ = {isa = PBXFileReference; fileEncoding = 4; lastKnownFileType = sourcecode.c.h; path = ElectrodeReactNative.h; sourceTree = "<group>"; };
		48500A971E2FF55B009B6610 /* ElectrodeReactNative.m */ = {isa = PBXFileReference; fileEncoding = 4; lastKnownFileType = sourcecode.c.objc; path = ElectrodeReactNative.m; sourceTree = "<group>"; };
		6E28F6D723DBB722004A51CB /* ElectrodePluginConfig.h */ = {isa = PBXFileReference; fileEncoding = 4; lastKnownFileType = sourcecode.c.h; path = ElectrodePluginConfig.h; sourceTree = "<group>"; };
		968333D51E54E3470031C565 /* ElectrodeBridgeDelegate.h */ = {isa = PBXFileReference; fileEncoding = 4; lastKnownFileType = sourcecode.c.h; path = ElectrodeBridgeDelegate.h; sourceTree = "<group>"; };
		968333D61E54E3470031C565 /* ElectrodeBridgeDelegate.m */ = {isa = PBXFileReference; fileEncoding = 4; lastKnownFileType = sourcecode.c.objc; path = ElectrodeBridgeDelegate.m; sourceTree = "<group>"; };
		9C431597E9044C4099BEC7A6 /* Item.swift */ = {isa = PBXFileReference; name = "Item.swift"; path = "APIs/Item.swift"; sourceTree = "<group>"; fileEncoding = 4; lastKnownFileType = sourcecode.swift; explicitFileType = undefined; includeInIndex = 0; fileRef = 9C431597E9044C4099BEC7A6; basename = Item.swift; target = undefined; uuid = F47B946FE7D845EAA5F7EAF6; settings = {ATTRIBUTES = (Public, ); }; };
		922A6E5D84474F7B840F42BC /* WalmartItemAPI.swift */ = {isa = PBXFileReference; name = "WalmartItemAPI.swift"; path = "APIs/WalmartItemAPI.swift"; sourceTree = "<group>"; fileEncoding = 4; lastKnownFileType = sourcecode.swift; explicitFileType = undefined; includeInIndex = 0; fileRef = 922A6E5D84474F7B840F42BC; basename = WalmartItemAPI.swift; target = undefined; uuid = 35E2D272B7D14A2A82BC0F5B; settings = {ATTRIBUTES = (Public, ); }; };
		59C7213BF5764497ACE87081 /* WalmartItemEvents.swift */ = {isa = PBXFileReference; name = "WalmartItemEvents.swift"; path = "APIs/WalmartItemEvents.swift"; sourceTree = "<group>"; fileEncoding = 4; lastKnownFileType = sourcecode.swift; explicitFileType = undefined; includeInIndex = 0; fileRef = 59C7213BF5764497ACE87081; basename = WalmartItemEvents.swift; target = undefined; uuid = 77FD983ECE50423C9BC9A3CC; settings = {ATTRIBUTES = (Public, ); }; };
		A353C9E8ADF8456F88CF6533 /* WalmartItemRequests.swift */ = {isa = PBXFileReference; name = "WalmartItemRequests.swift"; path = "APIs/WalmartItemRequests.swift"; sourceTree = "<group>"; fileEncoding = 4; lastKnownFileType = sourcecode.swift; explicitFileType = undefined; includeInIndex = 0; fileRef = A353C9E8ADF8456F88CF6533; basename = WalmartItemRequests.swift; target = undefined; uuid = 28DDC3361263484D8488CAC4; settings = {ATTRIBUTES = (Public, ); }; };
		FE0549ECE13B45F9A012CFBD /* ElectrodeObject.swift */ = {isa = PBXFileReference; name = "ElectrodeObject.swift"; path = "ElectrodeReactNativeBridge/ElectrodeObject.swift"; sourceTree = "<group>"; fileEncoding = 4; lastKnownFileType = sourcecode.swift; explicitFileType = undefined; includeInIndex = 0; };
		E7BEE9129BC14C29A74598D0 /* Bridgeable.swift */ = {isa = PBXFileReference; name = "Bridgeable.swift"; path = "ElectrodeReactNativeBridge/Bridgeable.swift"; sourceTree = "<group>"; fileEncoding = 4; lastKnownFileType = sourcecode.swift; explicitFileType = undefined; includeInIndex = 0; };
		CD618D8E8C2D4F659878F56F /* ElectrodeRequestHandlerProcessor.swift */ = {isa = PBXFileReference; name = "ElectrodeRequestHandlerProcessor.swift"; path = "ElectrodeReactNativeBridge/ElectrodeRequestHandlerProcessor.swift"; sourceTree = "<group>"; fileEncoding = 4; lastKnownFileType = sourcecode.swift; explicitFileType = undefined; includeInIndex = 0; };
		249B9D7FCE7C45CBA16939A5 /* ElectrodeRequestProcessor.swift */ = {isa = PBXFileReference; name = "ElectrodeRequestProcessor.swift"; path = "ElectrodeReactNativeBridge/ElectrodeRequestProcessor.swift"; sourceTree = "<group>"; fileEncoding = 4; lastKnownFileType = sourcecode.swift; explicitFileType = undefined; includeInIndex = 0; };
		E1E7552FB19440DD8E8A8A67 /* ElectrodeUtilities.swift */ = {isa = PBXFileReference; name = "ElectrodeUtilities.swift"; path = "ElectrodeReactNativeBridge/ElectrodeUtilities.swift"; sourceTree = "<group>"; fileEncoding = 4; lastKnownFileType = sourcecode.swift; explicitFileType = undefined; includeInIndex = 0; };
		C0A087DC2219476CB0F969CF /* EventListenerProcessor.swift */ = {isa = PBXFileReference; name = "EventListenerProcessor.swift"; path = "ElectrodeReactNativeBridge/EventListenerProcessor.swift"; sourceTree = "<group>"; fileEncoding = 4; lastKnownFileType = sourcecode.swift; explicitFileType = undefined; includeInIndex = 0; };
		C9A7C460831D4D9AAFB61F8C /* EventProcessor.swift */ = {isa = PBXFileReference; name = "EventProcessor.swift"; path = "ElectrodeReactNativeBridge/EventProcessor.swift"; sourceTree = "<group>"; fileEncoding = 4; lastKnownFileType = sourcecode.swift; explicitFileType = undefined; includeInIndex = 0; };
		CC45FB17947F4AF08CC9AA44 /* Processor.swift */ = {isa = PBXFileReference; name = "Processor.swift"; path = "ElectrodeReactNativeBridge/Processor.swift"; sourceTree = "<group>"; fileEncoding = 4; lastKnownFileType = sourcecode.swift; explicitFileType = undefined; includeInIndex = 0; };
		0D11F14C82F64E81A1A29CF5 /* None.swift */ = {isa = PBXFileReference; name = "None.swift"; path = "ElectrodeReactNativeBridge/None.swift"; sourceTree = "<group>"; fileEncoding = 4; lastKnownFileType = sourcecode.swift; explicitFileType = undefined; includeInIndex = 0; };
		6FBB9EAAE23D433FB2EE8EA7 /* ElectrodeBridgeEvent.m */ = {isa = PBXFileReference; name = "ElectrodeBridgeEvent.m"; path = "ElectrodeReactNativeBridge/ElectrodeBridgeEvent.m"; sourceTree = "<group>"; fileEncoding = 4; lastKnownFileType = sourcecode.c.objc; explicitFileType = undefined; includeInIndex = 0; };
		39C20025D45A4E979CB72285 /* ElectrodeBridgeFailureMessage.m */ = {isa = PBXFileReference; name = "ElectrodeBridgeFailureMessage.m"; path = "ElectrodeReactNativeBridge/ElectrodeBridgeFailureMessage.m"; sourceTree = "<group>"; fileEncoding = 4; lastKnownFileType = sourcecode.c.objc; explicitFileType = undefined; includeInIndex = 0; };
		482FB0159E6544049F289743 /* ElectrodeBridgeHolder.m */ = {isa = PBXFileReference; name = "ElectrodeBridgeHolder.m"; path = "ElectrodeReactNativeBridge/ElectrodeBridgeHolder.m"; sourceTree = "<group>"; fileEncoding = 4; lastKnownFileType = sourcecode.c.objc; explicitFileType = undefined; includeInIndex = 0; };
		92F366F8F2A649B3A4894062 /* ElectrodeBridgeMessage.m */ = {isa = PBXFileReference; name = "ElectrodeBridgeMessage.m"; path = "ElectrodeReactNativeBridge/ElectrodeBridgeMessage.m"; sourceTree = "<group>"; fileEncoding = 4; lastKnownFileType = sourcecode.c.objc; explicitFileType = undefined; includeInIndex = 0; };
		6543476031834852A305405F /* ElectrodeBridgeProtocols.m */ = {isa = PBXFileReference; name = "ElectrodeBridgeProtocols.m"; path = "ElectrodeReactNativeBridge/ElectrodeBridgeProtocols.m"; sourceTree = "<group>"; fileEncoding = 4; lastKnownFileType = sourcecode.c.objc; explicitFileType = undefined; includeInIndex = 0; };
		569E70D36E96453E9E5CE7A6 /* ElectrodeBridgeRequest.m */ = {isa = PBXFileReference; name = "ElectrodeBridgeRequest.m"; path = "ElectrodeReactNativeBridge/ElectrodeBridgeRequest.m"; sourceTree = "<group>"; fileEncoding = 4; lastKnownFileType = sourcecode.c.objc; explicitFileType = undefined; includeInIndex = 0; };
		9D726B0EE24842679DA930DE /* ElectrodeBridgeResponse.m */ = {isa = PBXFileReference; name = "ElectrodeBridgeResponse.m"; path = "ElectrodeReactNativeBridge/ElectrodeBridgeResponse.m"; sourceTree = "<group>"; fileEncoding = 4; lastKnownFileType = sourcecode.c.objc; explicitFileType = undefined; includeInIndex = 0; };
		A9D48425085448F780653BB5 /* ElectrodeBridgeTransaction.m */ = {isa = PBXFileReference; name = "ElectrodeBridgeTransaction.m"; path = "ElectrodeReactNativeBridge/ElectrodeBridgeTransaction.m"; sourceTree = "<group>"; fileEncoding = 4; lastKnownFileType = sourcecode.c.objc; explicitFileType = undefined; includeInIndex = 0; };
		5EBCFA6E61744BFFA853C933 /* ElectrodeBridgeTransceiver.m */ = {isa = PBXFileReference; name = "ElectrodeBridgeTransceiver.m"; path = "ElectrodeReactNativeBridge/ElectrodeBridgeTransceiver.m"; sourceTree = "<group>"; fileEncoding = 4; lastKnownFileType = sourcecode.c.objc; explicitFileType = undefined; includeInIndex = 0; };
		1892E3704A4543F99A041720 /* ElectrodeEventDispatcher.m */ = {isa = PBXFileReference; name = "ElectrodeEventDispatcher.m"; path = "ElectrodeReactNativeBridge/ElectrodeEventDispatcher.m"; sourceTree = "<group>"; fileEncoding = 4; lastKnownFileType = sourcecode.c.objc; explicitFileType = undefined; includeInIndex = 0; };
		743AAE5DC9B04E279636CB00 /* ElectrodeEventRegistrar.m */ = {isa = PBXFileReference; name = "ElectrodeEventRegistrar.m"; path = "ElectrodeReactNativeBridge/ElectrodeEventRegistrar.m"; sourceTree = "<group>"; fileEncoding = 4; lastKnownFileType = sourcecode.c.objc; explicitFileType = undefined; includeInIndex = 0; };
		2BEED2CD1E5F4922A67D7D02 /* ElectrodeRequestDispatcher.m */ = {isa = PBXFileReference; name = "ElectrodeRequestDispatcher.m"; path = "ElectrodeReactNativeBridge/ElectrodeRequestDispatcher.m"; sourceTree = "<group>"; fileEncoding = 4; lastKnownFileType = sourcecode.c.objc; explicitFileType = undefined; includeInIndex = 0; };
		D12A3B92CA3B401F9255F047 /* ElectrodeRequestRegistrar.m */ = {isa = PBXFileReference; name = "ElectrodeRequestRegistrar.m"; path = "ElectrodeReactNativeBridge/ElectrodeRequestRegistrar.m"; sourceTree = "<group>"; fileEncoding = 4; lastKnownFileType = sourcecode.c.objc; explicitFileType = undefined; includeInIndex = 0; };
		796E56C27A5946858398FE3C /* ElectrodeLogger.m */ = {isa = PBXFileReference; name = "ElectrodeLogger.m"; path = "ElectrodeReactNativeBridge/ElectrodeLogger.m"; sourceTree = "<group>"; fileEncoding = 4; lastKnownFileType = sourcecode.c.objc; explicitFileType = undefined; includeInIndex = 0; };
		AB2FA62FF3444DC9B59DD7C3 /* ElectrodeBridgeEvent.h */ = {isa = PBXFileReference; name = "ElectrodeBridgeEvent.h"; path = "ElectrodeReactNativeBridge/ElectrodeBridgeEvent.h"; sourceTree = "<group>"; fileEncoding = 4; lastKnownFileType = sourcecode.c.h; explicitFileType = undefined; includeInIndex = 0; };
		D27B3D7D25914C5DA40B4ED1 /* ElectrodeBridgeFailureMessage.h */ = {isa = PBXFileReference; name = "ElectrodeBridgeFailureMessage.h"; path = "ElectrodeReactNativeBridge/ElectrodeBridgeFailureMessage.h"; sourceTree = "<group>"; fileEncoding = 4; lastKnownFileType = sourcecode.c.h; explicitFileType = undefined; includeInIndex = 0; };
		6D478BAFB8EE48388879A7A4 /* ElectrodeBridgeHolder.h */ = {isa = PBXFileReference; name = "ElectrodeBridgeHolder.h"; path = "ElectrodeReactNativeBridge/ElectrodeBridgeHolder.h"; sourceTree = "<group>"; fileEncoding = 4; lastKnownFileType = sourcecode.c.h; explicitFileType = undefined; includeInIndex = 0; };
		C14995814D8D4EAE88CE5357 /* ElectrodeBridgeMessage.h */ = {isa = PBXFileReference; name = "ElectrodeBridgeMessage.h"; path = "ElectrodeReactNativeBridge/ElectrodeBridgeMessage.h"; sourceTree = "<group>"; fileEncoding = 4; lastKnownFileType = sourcecode.c.h; explicitFileType = undefined; includeInIndex = 0; };
		184BED607D6842DF949E8260 /* ElectrodeBridgeProtocols.h */ = {isa = PBXFileReference; name = "ElectrodeBridgeProtocols.h"; path = "ElectrodeReactNativeBridge/ElectrodeBridgeProtocols.h"; sourceTree = "<group>"; fileEncoding = 4; lastKnownFileType = sourcecode.c.h; explicitFileType = undefined; includeInIndex = 0; };
		25D22D72A38249FE9F416ABA /* ElectrodeBridgeRequest.h */ = {isa = PBXFileReference; name = "ElectrodeBridgeRequest.h"; path = "ElectrodeReactNativeBridge/ElectrodeBridgeRequest.h"; sourceTree = "<group>"; fileEncoding = 4; lastKnownFileType = sourcecode.c.h; explicitFileType = undefined; includeInIndex = 0; };
		EBDF74F55EE345B68E017005 /* ElectrodeBridgeTransaction.h */ = {isa = PBXFileReference; name = "ElectrodeBridgeTransaction.h"; path = "ElectrodeReactNativeBridge/ElectrodeBridgeTransaction.h"; sourceTree = "<group>"; fileEncoding = 4; lastKnownFileType = sourcecode.c.h; explicitFileType = undefined; includeInIndex = 0; };
		6067DDCDD60747C9B8EC32E5 /* ElectrodeBridgeTransceiver.h */ = {isa = PBXFileReference; name = "ElectrodeBridgeTransceiver.h"; path = "ElectrodeReactNativeBridge/ElectrodeBridgeTransceiver.h"; sourceTree = "<group>"; fileEncoding = 4; lastKnownFileType = sourcecode.c.h; explicitFileType = undefined; includeInIndex = 0; };
		DEB5F7149EBC4684A4D3C92D /* ElectrodeBridgeTransceiver_Internal.h */ = {isa = PBXFileReference; name = "ElectrodeBridgeTransceiver_Internal.h"; path = "ElectrodeReactNativeBridge/ElectrodeBridgeTransceiver_Internal.h"; sourceTree = "<group>"; fileEncoding = 4; lastKnownFileType = sourcecode.c.h; explicitFileType = undefined; includeInIndex = 0; };
		6EB769CDA718438587DACF75 /* ElectrodeEventDispatcher.h */ = {isa = PBXFileReference; name = "ElectrodeEventDispatcher.h"; path = "ElectrodeReactNativeBridge/ElectrodeEventDispatcher.h"; sourceTree = "<group>"; fileEncoding = 4; lastKnownFileType = sourcecode.c.h; explicitFileType = undefined; includeInIndex = 0; };
		CB98339F7CA84AD9B25B7A8E /* ElectrodeEventRegistrar.h */ = {isa = PBXFileReference; name = "ElectrodeEventRegistrar.h"; path = "ElectrodeReactNativeBridge/ElectrodeEventRegistrar.h"; sourceTree = "<group>"; fileEncoding = 4; lastKnownFileType = sourcecode.c.h; explicitFileType = undefined; includeInIndex = 0; };
		26BEA6F2442E45F39D77D81C /* ElectrodeRequestDispatcher.h */ = {isa = PBXFileReference; name = "ElectrodeRequestDispatcher.h"; path = "ElectrodeReactNativeBridge/ElectrodeRequestDispatcher.h"; sourceTree = "<group>"; fileEncoding = 4; lastKnownFileType = sourcecode.c.h; explicitFileType = undefined; includeInIndex = 0; };
		E188813EDB514B159EEEB53D /* ElectrodeRequestRegistrar.h */ = {isa = PBXFileReference; name = "ElectrodeRequestRegistrar.h"; path = "ElectrodeReactNativeBridge/ElectrodeRequestRegistrar.h"; sourceTree = "<group>"; fileEncoding = 4; lastKnownFileType = sourcecode.c.h; explicitFileType = undefined; includeInIndex = 0; };
		9070201706AC4F52962EA132 /* ElectrodeReactNativeBridge.h */ = {isa = PBXFileReference; name = "ElectrodeReactNativeBridge.h"; path = "ElectrodeReactNativeBridge/ElectrodeReactNativeBridge.h"; sourceTree = "<group>"; fileEncoding = 4; lastKnownFileType = sourcecode.c.h; explicitFileType = undefined; includeInIndex = 0; };
		64887D7975B4475ABBC429DE /* ElectrodeBridgeResponse.h */ = {isa = PBXFileReference; name = "ElectrodeBridgeResponse.h"; path = "ElectrodeReactNativeBridge/ElectrodeBridgeResponse.h"; sourceTree = "<group>"; fileEncoding = 4; lastKnownFileType = sourcecode.c.h; explicitFileType = undefined; includeInIndex = 0; };
		99B3F5DE42D548F8BD8681E7 /* ElectrodeLogger.h */ = {isa = PBXFileReference; name = "ElectrodeLogger.h"; path = "ElectrodeReactNativeBridge/ElectrodeLogger.h"; sourceTree = "<group>"; fileEncoding = 4; lastKnownFileType = sourcecode.c.h; explicitFileType = undefined; includeInIndex = 0; };
		586AE8E6683942F4B678F8A1 /* RequestHandlerConfig.swift */ = {isa = PBXFileReference; name = "RequestHandlerConfig.swift"; path = "APIImpls/RequestHandlerConfig.swift"; sourceTree = "<group>"; fileEncoding = 4; lastKnownFileType = sourcecode.swift; explicitFileType = undefined; includeInIndex = 0; fileRef = 586AE8E6683942F4B678F8A1; basename = RequestHandlerConfig.swift; target = undefined; uuid = 9A9786D2ED66455ABEF2F4F3; };
		932D6CBA285E428499E2FA11 /* RequestHandlerProvider.swift */ = {isa = PBXFileReference; name = "RequestHandlerProvider.swift"; path = "APIImpls/RequestHandlerProvider.swift"; sourceTree = "<group>"; fileEncoding = 4; lastKnownFileType = sourcecode.swift; explicitFileType = undefined; includeInIndex = 0; fileRef = 932D6CBA285E428499E2FA11; basename = RequestHandlerProvider.swift; target = undefined; uuid = BE2FDED1CC77465384FE3741; };
		E9FCA40541D341C7909894DF /* WalmartItemApiController.swift */ = {isa = PBXFileReference; name = "WalmartItemApiController.swift"; path = "APIImpls/WalmartItemApiController.swift"; sourceTree = "<group>"; fileEncoding = 4; lastKnownFileType = sourcecode.swift; explicitFileType = undefined; includeInIndex = 0; };
		8D3EA6200FAD4C44B92782D5 /* WalmartItemApiRequestHandlerDelegate.swift */ = {isa = PBXFileReference; name = "WalmartItemApiRequestHandlerDelegate.swift"; path = "APIImpls/WalmartItemApiRequestHandlerDelegate.swift"; sourceTree = "<group>"; fileEncoding = 4; lastKnownFileType = sourcecode.swift; explicitFileType = undefined; includeInIndex = 0; };
/* End PBXFileReference section */

/* Begin PBXFrameworksBuildPhase section */
		485009DF1E2FF23B009B6610 /* Frameworks */ = {
			isa = PBXFrameworksBuildPhase;
			buildActionMask = 2147483647;
			files = (
			);
			runOnlyForDeploymentPostprocessing = 0;
		};
		485009E91E2FF23C009B6610 /* Frameworks */ = {
			isa = PBXFrameworksBuildPhase;
			buildActionMask = 2147483647;
			files = (
				485009ED1E2FF23C009B6610 /* ElectrodeApiImpl.framework in Frameworks */,
			);
			runOnlyForDeploymentPostprocessing = 0;
		};
/* End PBXFrameworksBuildPhase section */

/* Begin PBXGroup section */
		226325CE1E80594F00CD0B10 /* ReactNative */ = {
			isa = PBXGroup;
			children = (
			);
			name = ReactNative;
			sourceTree = "<group>";
		};
		22C096A91EA0893F00E1486A /* APIs */ = {
			isa = PBXGroup;
			children = (
				9C431597E9044C4099BEC7A6 /* Item.swift */,
				922A6E5D84474F7B840F42BC /* WalmartItemAPI.swift */,
				59C7213BF5764497ACE87081 /* WalmartItemEvents.swift */,
				A353C9E8ADF8456F88CF6533 /* WalmartItemRequests.swift */,
			);
			name = APIs;
			sourceTree = "<group>";
		};
		22FD4D1E1E96ECBB00FC81DB /* ElectrodeReactNativeBridge */ = {
			isa = PBXGroup;
			children = (
				FE0549ECE13B45F9A012CFBD /* ElectrodeObject.swift */,
				E7BEE9129BC14C29A74598D0 /* Bridgeable.swift */,
				CD618D8E8C2D4F659878F56F /* ElectrodeRequestHandlerProcessor.swift */,
				249B9D7FCE7C45CBA16939A5 /* ElectrodeRequestProcessor.swift */,
				E1E7552FB19440DD8E8A8A67 /* ElectrodeUtilities.swift */,
				C0A087DC2219476CB0F969CF /* EventListenerProcessor.swift */,
				C9A7C460831D4D9AAFB61F8C /* EventProcessor.swift */,
				CC45FB17947F4AF08CC9AA44 /* Processor.swift */,
				0D11F14C82F64E81A1A29CF5 /* None.swift */,
				6FBB9EAAE23D433FB2EE8EA7 /* ElectrodeBridgeEvent.m */,
				39C20025D45A4E979CB72285 /* ElectrodeBridgeFailureMessage.m */,
				482FB0159E6544049F289743 /* ElectrodeBridgeHolder.m */,
				92F366F8F2A649B3A4894062 /* ElectrodeBridgeMessage.m */,
				6543476031834852A305405F /* ElectrodeBridgeProtocols.m */,
				569E70D36E96453E9E5CE7A6 /* ElectrodeBridgeRequest.m */,
				9D726B0EE24842679DA930DE /* ElectrodeBridgeResponse.m */,
				A9D48425085448F780653BB5 /* ElectrodeBridgeTransaction.m */,
				5EBCFA6E61744BFFA853C933 /* ElectrodeBridgeTransceiver.m */,
				1892E3704A4543F99A041720 /* ElectrodeEventDispatcher.m */,
				743AAE5DC9B04E279636CB00 /* ElectrodeEventRegistrar.m */,
				2BEED2CD1E5F4922A67D7D02 /* ElectrodeRequestDispatcher.m */,
				D12A3B92CA3B401F9255F047 /* ElectrodeRequestRegistrar.m */,
				796E56C27A5946858398FE3C /* ElectrodeLogger.m */,
				AB2FA62FF3444DC9B59DD7C3 /* ElectrodeBridgeEvent.h */,
				D27B3D7D25914C5DA40B4ED1 /* ElectrodeBridgeFailureMessage.h */,
				6D478BAFB8EE48388879A7A4 /* ElectrodeBridgeHolder.h */,
				C14995814D8D4EAE88CE5357 /* ElectrodeBridgeMessage.h */,
				184BED607D6842DF949E8260 /* ElectrodeBridgeProtocols.h */,
				25D22D72A38249FE9F416ABA /* ElectrodeBridgeRequest.h */,
				EBDF74F55EE345B68E017005 /* ElectrodeBridgeTransaction.h */,
				6067DDCDD60747C9B8EC32E5 /* ElectrodeBridgeTransceiver.h */,
				DEB5F7149EBC4684A4D3C92D /* ElectrodeBridgeTransceiver_Internal.h */,
				6EB769CDA718438587DACF75 /* ElectrodeEventDispatcher.h */,
				CB98339F7CA84AD9B25B7A8E /* ElectrodeEventRegistrar.h */,
				26BEA6F2442E45F39D77D81C /* ElectrodeRequestDispatcher.h */,
				E188813EDB514B159EEEB53D /* ElectrodeRequestRegistrar.h */,
				9070201706AC4F52962EA132 /* ElectrodeReactNativeBridge.h */,
				64887D7975B4475ABBC429DE /* ElectrodeBridgeResponse.h */,
				99B3F5DE42D548F8BD8681E7 /* ElectrodeLogger.h */,
			);
			name = ElectrodeReactNativeBridge;
			sourceTree = "<group>";
		};
		485009D91E2FF23B009B6610 = {
			isa = PBXGroup;
			children = (
				485009E51E2FF23B009B6610 /* ElectrodeApiImpl */,
				485009F01E2FF23C009B6610 /* ElectrodeApiImplTests */,
				485009E41E2FF23B009B6610 /* Products */,
				485009FD1E2FF25D009B6610 /* Libraries */,
				48500AA71E2FFA14009B6610 /* Frameworks */,
			);
			sourceTree = "<group>";
		};
		485009E41E2FF23B009B6610 /* Products */ = {
			isa = PBXGroup;
			children = (
				485009E31E2FF23B009B6610 /* ElectrodeApiImpl.framework */,
				485009EC1E2FF23C009B6610 /* ElectrodeApiImplTests.xctest */,
			);
			name = Products;
			sourceTree = "<group>";
		};
		485009E51E2FF23B009B6610 /* ElectrodeApiImpl */ = {
			isa = PBXGroup;
			children = (
				7F1C6B771FAD343A00F68360 /* APIImpls */,
				2265A4A11EB26943007D6C3D /* Info.plist */,
				22C096A91EA0893F00E1486A /* APIs */,
				22FD4D1E1E96ECBB00FC81DB /* ElectrodeReactNativeBridge */,
				968333D51E54E3470031C565 /* ElectrodeBridgeDelegate.h */,
				968333D61E54E3470031C565 /* ElectrodeBridgeDelegate.m */,
				485009E61E2FF23B009B6610 /* ElectrodeApiImpl.h */,
				48500A961E2FF55B009B6610 /* ElectrodeReactNative.h */,
				30F8CDED1E67946E00413247 /* ElectrodeReactNative_Internal.h */,
				48500A971E2FF55B009B6610 /* ElectrodeReactNative.m */,
				6E28F6D723DBB722004A51CB /* ElectrodePluginConfig.h */,
			);
			path = ElectrodeApiImpl;
			sourceTree = "<group>";
		};
		485009F01E2FF23C009B6610 /* ElectrodeApiImplTests */ = {
			isa = PBXGroup;
			children = (
				485009F11E2FF23C009B6610 /* ElectrodeApiImplTests.m */,
				485009F31E2FF23C009B6610 /* Info.plist */,
				30B77DD51E66518E00EF3A78 /* ElectrodeBridgeDelegateTests.m */,
				30F8CDE31E677D7C00413247 /* ElectrodeReactNativeTests.m */,
			);
			path = ElectrodeApiImplTests;
			sourceTree = "<group>";
		};
		485009FD1E2FF25D009B6610 /* Libraries */ = {
			isa = PBXGroup;
			children = (
				226325CE1E80594F00CD0B10 /* ReactNative */,
				9654B8921E5CCA1D00AFF607 /* MiniApp */,
			);
			name = Libraries;
			path = ElectrodeApiImpl/Libraries;
			sourceTree = "<group>";
		};
		48500AA71E2FFA14009B6610 /* Frameworks */ = {
			isa = PBXGroup;
			children = (
			);
			name = Frameworks;
			sourceTree = "<group>";
		};
		7F1C6B771FAD343A00F68360 /* APIImpls */ = {
			isa = PBXGroup;
			children = (
				586AE8E6683942F4B678F8A1 /* RequestHandlerConfig.swift */,
				932D6CBA285E428499E2FA11 /* RequestHandlerProvider.swift */,
				E9FCA40541D341C7909894DF /* WalmartItemApiController.swift */,
				8D3EA6200FAD4C44B92782D5 /* WalmartItemApiRequestHandlerDelegate.swift */,
			);
			name = APIImpls;
			sourceTree = "<group>";
		};
		9654B8921E5CCA1D00AFF607 /* MiniApp */ = {
			isa = PBXGroup;
			children = (
			);
			path = MiniApp;
			sourceTree = "<group>";
		};
/* End PBXGroup section */

/* Begin PBXHeadersBuildPhase section */
		485009E01E2FF23B009B6610 /* Headers */ = {
			isa = PBXHeadersBuildPhase;
			buildActionMask = 2147483647;
			files = (
				6E28F6D823DBB722004A51CB /* ElectrodePluginConfig.h in Headers */,
				485009F41E2FF23C009B6610 /* ElectrodeApiImpl.h in Headers */,
				968333D71E54E3470031C565 /* ElectrodeBridgeDelegate.h in Headers */,
				30F8CDEE1E67946E00413247 /* ElectrodeReactNative_Internal.h in Headers */,
				48500A981E2FF55B009B6610 /* ElectrodeReactNative.h in Headers */,
				F47B946FE7D845EAA5F7EAF6 /* Item.swift in Headers */,
				35E2D272B7D14A2A82BC0F5B /* WalmartItemAPI.swift in Headers */,
				77FD983ECE50423C9BC9A3CC /* WalmartItemEvents.swift in Headers */,
				28DDC3361263484D8488CAC4 /* WalmartItemRequests.swift in Headers */,
				AB067F2614BB436BB874F7AB /* ElectrodeBridgeEvent.h in Headers */,
				F803DFE1A2DF420FB1029C58 /* ElectrodeBridgeFailureMessage.h in Headers */,
				AE5709EE1BAE4274979ECB4B /* ElectrodeBridgeHolder.h in Headers */,
				DBD00226960249E49C893A5B /* ElectrodeBridgeMessage.h in Headers */,
				7D592DCC04C74542A472D397 /* ElectrodeBridgeProtocols.h in Headers */,
				03E6549623264CDA8C2DE09A /* ElectrodeBridgeRequest.h in Headers */,
				0A28B9D06F414D7D92C91C7F /* ElectrodeBridgeTransaction.h in Headers */,
				979F0415F0C848249571A8AC /* ElectrodeBridgeTransceiver.h in Headers */,
				B3DDE7C206484E308D596DE8 /* ElectrodeBridgeTransceiver_Internal.h in Headers */,
				81F80E8D8F284CAA8F3660DA /* ElectrodeEventDispatcher.h in Headers */,
				C034EB1CAF464667A4A2C2BD /* ElectrodeEventRegistrar.h in Headers */,
				21A8D1EA3A04495FAC7374AA /* ElectrodeRequestDispatcher.h in Headers */,
				CD934374767E4C89874D6F20 /* ElectrodeRequestRegistrar.h in Headers */,
				3969F6E019F6469EA78E4344 /* ElectrodeReactNativeBridge.h in Headers */,
				D1CAB4E506044E27BC311335 /* ElectrodeBridgeResponse.h in Headers */,
				4CA9592173684680AA398890 /* ElectrodeLogger.h in Headers */,
			);
			runOnlyForDeploymentPostprocessing = 0;
		};
/* End PBXHeadersBuildPhase section */

/* Begin PBXNativeTarget section */
		485009E21E2FF23B009B6610 /* ElectrodeApiImpl */ = {
			isa = PBXNativeTarget;
			buildConfigurationList = 485009F71E2FF23C009B6610 /* Build configuration list for PBXNativeTarget "ElectrodeApiImpl" */;
			buildPhases = (
				485009DE1E2FF23B009B6610 /* Sources */,
				485009DF1E2FF23B009B6610 /* Frameworks */,
				485009E01E2FF23B009B6610 /* Headers */,
				485009E11E2FF23B009B6610 /* Resources */,
			);
			buildRules = (
			);
			dependencies = (
			);
			name = ElectrodeApiImpl;
			productName = ElectrodeApiImpl;
			productReference = 485009E31E2FF23B009B6610 /* ElectrodeApiImpl.framework */;
			productType = "com.apple.product-type.framework";
		};
		485009EB1E2FF23C009B6610 /* ElectrodeApiImplTests */ = {
			isa = PBXNativeTarget;
			buildConfigurationList = 485009FA1E2FF23C009B6610 /* Build configuration list for PBXNativeTarget "ElectrodeApiImplTests" */;
			buildPhases = (
				485009E81E2FF23C009B6610 /* Sources */,
				485009E91E2FF23C009B6610 /* Frameworks */,
				485009EA1E2FF23C009B6610 /* Resources */,
			);
			buildRules = (
			);
			dependencies = (
				485009EF1E2FF23C009B6610 /* PBXTargetDependency */,
			);
			name = ElectrodeApiImplTests;
			productName = ElectrodeApiImplTests;
			productReference = 485009EC1E2FF23C009B6610 /* ElectrodeApiImplTests.xctest */;
			productType = "com.apple.product-type.bundle.unit-test";
		};
/* End PBXNativeTarget section */

/* Begin PBXProject section */
		485009DA1E2FF23B009B6610 /* Project object */ = {
			isa = PBXProject;
			attributes = {
				LastUpgradeCheck = 820;
				ORGANIZATIONNAME = Walmart;
				TargetAttributes = {
					485009E21E2FF23B009B6610 = {
						CreatedOnToolsVersion = 8.2.1;
						ProvisioningStyle = Automatic;
					};
					485009EB1E2FF23C009B6610 = {
						CreatedOnToolsVersion = 8.2.1;
						DevelopmentTeam = DXZ5VF8836;
						ProvisioningStyle = Automatic;
					};
				};
			};
			buildConfigurationList = 485009DD1E2FF23B009B6610 /* Build configuration list for PBXProject "ElectrodeApiImpl" */;
			compatibilityVersion = "Xcode 3.2";
			developmentRegion = English;
			hasScannedForEncodings = 0;
			knownRegions = (
				English,
				en,
			);
			mainGroup = 485009D91E2FF23B009B6610;
			productRefGroup = 485009E41E2FF23B009B6610 /* Products */;
			projectDirPath = "";
			projectRoot = "";
			targets = (
				485009E21E2FF23B009B6610 /* ElectrodeApiImpl */,
				485009EB1E2FF23C009B6610 /* ElectrodeApiImplTests */,
			);
		};
/* End PBXProject section */

/* Begin PBXReferenceProxy section */
/* End PBXReferenceProxy section */

/* Begin PBXResourcesBuildPhase section */
		485009E11E2FF23B009B6610 /* Resources */ = {
			isa = PBXResourcesBuildPhase;
			buildActionMask = 2147483647;
			files = (
			);
			runOnlyForDeploymentPostprocessing = 0;
		};
		485009EA1E2FF23C009B6610 /* Resources */ = {
			isa = PBXResourcesBuildPhase;
			buildActionMask = 2147483647;
			files = (
			);
			runOnlyForDeploymentPostprocessing = 0;
		};
/* End PBXResourcesBuildPhase section */

/* Begin PBXSourcesBuildPhase section */
		485009DE1E2FF23B009B6610 /* Sources */ = {
			isa = PBXSourcesBuildPhase;
			buildActionMask = 2147483647;
			files = (
				48500A991E2FF55B009B6610 /* ElectrodeReactNative.m in Sources */,
				968333D81E54E3470031C565 /* ElectrodeBridgeDelegate.m in Sources */,
				9AA935F328244DF79E5F29E8 /* Item.swift in Sources */,
				E10544CEE04A4C159FAB4EC9 /* WalmartItemAPI.swift in Sources */,
				5C0D7724CC904FB29E412B4B /* WalmartItemEvents.swift in Sources */,
				A6619120F42C469BAE3199E0 /* WalmartItemRequests.swift in Sources */,
				8486E9B0355C4076B514772A /* ElectrodeObject.swift in Sources */,
				7522E06D72FA485188DF1FE8 /* Bridgeable.swift in Sources */,
				14ADFC868A354DB6ACFAF4CF /* ElectrodeRequestHandlerProcessor.swift in Sources */,
				9DAD6EE4D34549A8830AD177 /* ElectrodeRequestProcessor.swift in Sources */,
				19FA4255B1F54D1E81704253 /* ElectrodeUtilities.swift in Sources */,
				2DB1BEDF7C824674A7D1094F /* EventListenerProcessor.swift in Sources */,
				44C99D248BC8443CA3C6B7F5 /* EventProcessor.swift in Sources */,
				3049DD6296044CC6AD0F9C89 /* Processor.swift in Sources */,
				B8F7B0C152164203BBE78765 /* None.swift in Sources */,
				4DFCE7A386DE450DB9430E66 /* ElectrodeBridgeEvent.m in Sources */,
				20D8783F93FA4CDE8348AC1E /* ElectrodeBridgeFailureMessage.m in Sources */,
				EA1C09975C6042F8853F0A40 /* ElectrodeBridgeHolder.m in Sources */,
				A12CAE85F7C04D6CB7FBD6A9 /* ElectrodeBridgeMessage.m in Sources */,
				BAE3FB9126B84E65830519C3 /* ElectrodeBridgeProtocols.m in Sources */,
				EA09061959D84C57BFA22586 /* ElectrodeBridgeRequest.m in Sources */,
				0E20AC1EB65E4DEE84F62D07 /* ElectrodeBridgeResponse.m in Sources */,
				63DFCC25E3DD4CEDBF33D9AF /* ElectrodeBridgeTransaction.m in Sources */,
				EDDFB1E70A5E4DD48DEC2E05 /* ElectrodeBridgeTransceiver.m in Sources */,
				150E8C831E16434185725389 /* ElectrodeEventDispatcher.m in Sources */,
				021BA8A95CB24AE5A14A2634 /* ElectrodeEventRegistrar.m in Sources */,
				03D2CE1426254BBFAB58A355 /* ElectrodeRequestDispatcher.m in Sources */,
				695967A63F834901A1A0BB03 /* ElectrodeRequestRegistrar.m in Sources */,
				9D40BDFD526F44B1940B5455 /* ElectrodeLogger.m in Sources */,
				EAC240AB7D5540E194C6DFF6 /* RequestHandlerConfig.swift in Sources */,
				45B8188479EA4440A93D8E7E /* RequestHandlerProvider.swift in Sources */,
				9A9786D2ED66455ABEF2F4F3 /* RequestHandlerConfig.swift in undefined */,
				BE2FDED1CC77465384FE3741 /* RequestHandlerProvider.swift in undefined */,
				49FA9C305F4E404F9FA2A63D /* WalmartItemApiController.swift in Sources */,
				68AC72A7B49C44C581BC38CB /* WalmartItemApiRequestHandlerDelegate.swift in Sources */,
			);
			runOnlyForDeploymentPostprocessing = 0;
		};
		485009E81E2FF23C009B6610 /* Sources */ = {
			isa = PBXSourcesBuildPhase;
			buildActionMask = 2147483647;
			files = (
				485009F21E2FF23C009B6610 /* ElectrodeApiImplTests.m in Sources */,
				30B77DD61E66518E00EF3A78 /* ElectrodeBridgeDelegateTests.m in Sources */,
				30F8CDE41E677D7C00413247 /* ElectrodeReactNativeTests.m in Sources */,
			);
			runOnlyForDeploymentPostprocessing = 0;
		};
/* End PBXSourcesBuildPhase section */

/* Begin PBXTargetDependency section */
		485009EF1E2FF23C009B6610 /* PBXTargetDependency */ = {
			isa = PBXTargetDependency;
			target = 485009E21E2FF23B009B6610 /* ElectrodeApiImpl */;
			targetProxy = 485009EE1E2FF23C009B6610 /* PBXContainerItemProxy */;
		};
/* End PBXTargetDependency section */

/* Begin XCBuildConfiguration section */
		303268E41EA8139700A41A8F /* QADeployment */ = {
			isa = XCBuildConfiguration;
			buildSettings = {
				ALWAYS_SEARCH_USER_PATHS = NO;
				CLANG_ANALYZER_NONNULL = YES;
				CLANG_CXX_LANGUAGE_STANDARD = "gnu++0x";
				CLANG_CXX_LIBRARY = "libc++";
				CLANG_ENABLE_MODULES = YES;
				CLANG_ENABLE_OBJC_ARC = YES;
				CLANG_WARN_BOOL_CONVERSION = YES;
				CLANG_WARN_CONSTANT_CONVERSION = YES;
				CLANG_WARN_DIRECT_OBJC_ISA_USAGE = YES_ERROR;
				CLANG_WARN_DOCUMENTATION_COMMENTS = YES;
				CLANG_WARN_EMPTY_BODY = YES;
				CLANG_WARN_ENUM_CONVERSION = YES;
				CLANG_WARN_INFINITE_RECURSION = YES;
				CLANG_WARN_INT_CONVERSION = YES;
				CLANG_WARN_OBJC_ROOT_CLASS = YES_ERROR;
				CLANG_WARN_SUSPICIOUS_MOVE = YES;
				CLANG_WARN_UNREACHABLE_CODE = YES;
				CLANG_WARN__DUPLICATE_METHOD_MATCH = YES;
				"CODE_SIGN_IDENTITY[sdk=iphoneos*]" = "iPhone Developer";
				COPY_PHASE_STRIP = NO;
				CURRENT_PROJECT_VERSION = 1;
				DEBUG_INFORMATION_FORMAT = "dwarf-with-dsym";
				ENABLE_STRICT_OBJC_MSGSEND = YES;
				ENABLE_TESTABILITY = YES;
				GCC_C_LANGUAGE_STANDARD = gnu99;
				GCC_DYNAMIC_NO_PIC = NO;
				GCC_NO_COMMON_BLOCKS = YES;
				GCC_OPTIMIZATION_LEVEL = 0;
				GCC_PREPROCESSOR_DEFINITIONS = (
					"DEBUG=1",
					"$(inherited)",
				);
				GCC_WARN_64_TO_32_BIT_CONVERSION = YES;
				GCC_WARN_ABOUT_RETURN_TYPE = YES_ERROR;
				GCC_WARN_UNDECLARED_SELECTOR = YES;
				GCC_WARN_UNINITIALIZED_AUTOS = YES_AGGRESSIVE;
				GCC_WARN_UNUSED_FUNCTION = YES;
				GCC_WARN_UNUSED_VARIABLE = YES;
				IPHONEOS_DEPLOYMENT_TARGET = 9.0;
				MTL_ENABLE_DEBUG_INFO = YES;
				ONLY_ACTIVE_ARCH = YES;
				SDKROOT = iphoneos;
				TARGETED_DEVICE_FAMILY = "1,2";
				VERSIONING_SYSTEM = "apple-generic";
				VERSION_INFO_PREFIX = "";
			};
			name = QADeployment;
		};
		303268E51EA8139700A41A8F /* QADeployment */ = {
			isa = XCBuildConfiguration;
			buildSettings = {
				ALWAYS_EMBED_SWIFT_STANDARD_LIBRARIES = YES;
				CLANG_ENABLE_MODULES = YES;
				CLANG_WARN_DOCUMENTATION_COMMENTS = NO;
				CODE_SIGN_IDENTITY = "";
				DEFINES_MODULE = YES;
				DYLIB_COMPATIBILITY_VERSION = 1;
				DYLIB_CURRENT_VERSION = 1;
				DYLIB_INSTALL_NAME_BASE = "@rpath";
				ENABLE_BITCODE = NO;
				ENABLE_ON_DEMAND_RESOURCES = NO;
				ENABLE_TESTABILITY = YES;
				FRAMEWORK_SEARCH_PATHS = "";
				HEADER_SEARCH_PATHS = (
					"$(inherited)/**",
					"$(SRCROOT)/ElectrodeApiImpl/Libraries/CodePush/**",
				);
				INFOPLIST_FILE = ElectrodeApiImpl/Info.plist;
				INSTALL_PATH = "$(LOCAL_LIBRARY_DIR)/Frameworks";
				LD_RUNPATH_SEARCH_PATHS = "$(inherited) @executable_path/Frameworks @loader_path/Frameworks";
				LIBRARY_SEARCH_PATHS = (
					"$(inherited)",
					"$(SRCROOT)/ElectrodeApiImpl/Libraries/ReactNative/**",
					"$(SRCROOT)/ElectrodeApiImpl/Libraries/CodePush/**",
				);
				ONLY_ACTIVE_ARCH = NO;
				OTHER_LDFLAGS = (
					"$(inherited)",
					"-ObjC",
					"-lc++",
					"-lz",
				);
				PRODUCT_BUNDLE_IDENTIFIER = com.walmartlabs.ern.ElectrodeApiImpl;
				PRODUCT_NAME = "$(TARGET_NAME)";
				SKIP_INSTALL = YES;
				STRIP_STYLE = debugging;
				SWIFT_ACTIVE_COMPILATION_CONDITIONS = DEBUG;
				SWIFT_OPTIMIZATION_LEVEL = "-Owholemodule";
				SWIFT_VERSION = 5.0;
			};
			name = QADeployment;
		};
		303268E61EA8139700A41A8F /* QADeployment */ = {
			isa = XCBuildConfiguration;
			buildSettings = {
				HEADER_SEARCH_PATHS = (
					"$(inherited)",
					"$(SRCROOT)/ElectrodeApiImpl/Libraries/CodePush/**",
				);
				INFOPLIST_FILE = ElectrodeApiImplTests/Info.plist;
				LD_RUNPATH_SEARCH_PATHS = "$(inherited) @executable_path/Frameworks @loader_path/Frameworks";
				LIBRARY_SEARCH_PATHS = (
					"$(inherited)",
					"$(SRCROOT)/ElectrodeApiImpl/Libraries/ReactNative/**",
					"$(SRCROOT)/ElectrodeApiImpl/Libraries/CodePush/**",
				);
				PRODUCT_BUNDLE_IDENTIFIER = com.walmartlabs.ern.ElectrodeApiImplTests;
				PRODUCT_NAME = "$(TARGET_NAME)";
				TEST_HOST = "";
			};
			name = QADeployment;
		};
		485009F51E2FF23C009B6610 /* Debug */ = {
			isa = XCBuildConfiguration;
			buildSettings = {
				ALWAYS_SEARCH_USER_PATHS = NO;
				CLANG_ANALYZER_NONNULL = YES;
				CLANG_CXX_LANGUAGE_STANDARD = "gnu++0x";
				CLANG_CXX_LIBRARY = "libc++";
				CLANG_ENABLE_MODULES = YES;
				CLANG_ENABLE_OBJC_ARC = YES;
				CLANG_WARN_BOOL_CONVERSION = YES;
				CLANG_WARN_CONSTANT_CONVERSION = YES;
				CLANG_WARN_DIRECT_OBJC_ISA_USAGE = YES_ERROR;
				CLANG_WARN_DOCUMENTATION_COMMENTS = YES;
				CLANG_WARN_EMPTY_BODY = YES;
				CLANG_WARN_ENUM_CONVERSION = YES;
				CLANG_WARN_INFINITE_RECURSION = YES;
				CLANG_WARN_INT_CONVERSION = YES;
				CLANG_WARN_OBJC_ROOT_CLASS = YES_ERROR;
				CLANG_WARN_SUSPICIOUS_MOVE = YES;
				CLANG_WARN_UNREACHABLE_CODE = YES;
				CLANG_WARN__DUPLICATE_METHOD_MATCH = YES;
				"CODE_SIGN_IDENTITY[sdk=iphoneos*]" = "iPhone Developer";
				COPY_PHASE_STRIP = NO;
				CURRENT_PROJECT_VERSION = 1;
				DEBUG_INFORMATION_FORMAT = dwarf;
				ENABLE_STRICT_OBJC_MSGSEND = YES;
				ENABLE_TESTABILITY = YES;
				GCC_C_LANGUAGE_STANDARD = gnu99;
				GCC_DYNAMIC_NO_PIC = NO;
				GCC_NO_COMMON_BLOCKS = YES;
				GCC_OPTIMIZATION_LEVEL = 0;
				GCC_PREPROCESSOR_DEFINITIONS = (
					"DEBUG=1",
					"$(inherited)",
				);
				GCC_WARN_64_TO_32_BIT_CONVERSION = YES;
				GCC_WARN_ABOUT_RETURN_TYPE = YES_ERROR;
				GCC_WARN_UNDECLARED_SELECTOR = YES;
				GCC_WARN_UNINITIALIZED_AUTOS = YES_AGGRESSIVE;
				GCC_WARN_UNUSED_FUNCTION = YES;
				GCC_WARN_UNUSED_VARIABLE = YES;
				IPHONEOS_DEPLOYMENT_TARGET = 9.0;
				MTL_ENABLE_DEBUG_INFO = YES;
				ONLY_ACTIVE_ARCH = YES;
				SDKROOT = iphoneos;
				TARGETED_DEVICE_FAMILY = "1,2";
				VERSIONING_SYSTEM = "apple-generic";
				VERSION_INFO_PREFIX = "";
			};
			name = Debug;
		};
		485009F61E2FF23C009B6610 /* Release */ = {
			isa = XCBuildConfiguration;
			buildSettings = {
				ALWAYS_SEARCH_USER_PATHS = NO;
				CLANG_ANALYZER_NONNULL = YES;
				CLANG_CXX_LANGUAGE_STANDARD = "gnu++0x";
				CLANG_CXX_LIBRARY = "libc++";
				CLANG_ENABLE_MODULES = YES;
				CLANG_ENABLE_OBJC_ARC = YES;
				CLANG_WARN_BOOL_CONVERSION = YES;
				CLANG_WARN_CONSTANT_CONVERSION = YES;
				CLANG_WARN_DIRECT_OBJC_ISA_USAGE = YES_ERROR;
				CLANG_WARN_DOCUMENTATION_COMMENTS = YES;
				CLANG_WARN_EMPTY_BODY = YES;
				CLANG_WARN_ENUM_CONVERSION = YES;
				CLANG_WARN_INFINITE_RECURSION = YES;
				CLANG_WARN_INT_CONVERSION = YES;
				CLANG_WARN_OBJC_ROOT_CLASS = YES_ERROR;
				CLANG_WARN_SUSPICIOUS_MOVE = YES;
				CLANG_WARN_UNREACHABLE_CODE = YES;
				CLANG_WARN__DUPLICATE_METHOD_MATCH = YES;
				"CODE_SIGN_IDENTITY[sdk=iphoneos*]" = "iPhone Developer";
				COPY_PHASE_STRIP = NO;
				CURRENT_PROJECT_VERSION = 1;
				DEBUG_INFORMATION_FORMAT = "dwarf-with-dsym";
				ENABLE_NS_ASSERTIONS = NO;
				ENABLE_STRICT_OBJC_MSGSEND = YES;
				GCC_C_LANGUAGE_STANDARD = gnu99;
				GCC_NO_COMMON_BLOCKS = YES;
				GCC_WARN_64_TO_32_BIT_CONVERSION = YES;
				GCC_WARN_ABOUT_RETURN_TYPE = YES_ERROR;
				GCC_WARN_UNDECLARED_SELECTOR = YES;
				GCC_WARN_UNINITIALIZED_AUTOS = YES_AGGRESSIVE;
				GCC_WARN_UNUSED_FUNCTION = YES;
				GCC_WARN_UNUSED_VARIABLE = YES;
				IPHONEOS_DEPLOYMENT_TARGET = 9.0;
				MTL_ENABLE_DEBUG_INFO = NO;
				SDKROOT = iphoneos;
				TARGETED_DEVICE_FAMILY = "1,2";
				VALIDATE_PRODUCT = YES;
				VERSIONING_SYSTEM = "apple-generic";
				VERSION_INFO_PREFIX = "";
			};
			name = Release;
		};
		485009F81E2FF23C009B6610 /* Debug */ = {
			isa = XCBuildConfiguration;
			buildSettings = {
				ALWAYS_EMBED_SWIFT_STANDARD_LIBRARIES = YES;
				CLANG_ENABLE_MODULES = YES;
				CLANG_WARN_DOCUMENTATION_COMMENTS = NO;
				CODE_SIGN_IDENTITY = "";
				DEFINES_MODULE = YES;
				DYLIB_COMPATIBILITY_VERSION = 1;
				DYLIB_CURRENT_VERSION = 1;
				DYLIB_INSTALL_NAME_BASE = "@rpath";
				ENABLE_BITCODE = NO;
				FRAMEWORK_SEARCH_PATHS = "";
				HEADER_SEARCH_PATHS = "$(inherited)";
				INFOPLIST_FILE = ElectrodeApiImpl/Info.plist;
				INSTALL_PATH = "$(LOCAL_LIBRARY_DIR)/Frameworks";
				IPHONEOS_DEPLOYMENT_TARGET = 9.0;
				LD_RUNPATH_SEARCH_PATHS = "$(inherited) @executable_path/Frameworks @loader_path/Frameworks";
				LIBRARY_SEARCH_PATHS = (
					"$(inherited)",
					"$(SRCROOT)/ElectrodeApiImpl/Libraries/ReactNative/**",
					"$(SRCROOT)/ElectrodeApiImpl/Libraries/CodePush/**",
				);
				OTHER_LDFLAGS = (
					"$(inherited)",
					"-ObjC",
					"-lc++",
					"-lz",
				);
				PRODUCT_BUNDLE_IDENTIFIER = com.walmartlabs.ern.ElectrodeApiImpl;
				PRODUCT_NAME = "$(TARGET_NAME)";
				SKIP_INSTALL = YES;
				SWIFT_ACTIVE_COMPILATION_CONDITIONS = DEBUG;
				SWIFT_OPTIMIZATION_LEVEL = "-Onone";
				SWIFT_VERSION = 5.0;
			};
			name = Debug;
		};
		485009F91E2FF23C009B6610 /* Release */ = {
			isa = XCBuildConfiguration;
			buildSettings = {
				CODE_SIGN_IDENTITY = "";
				DEFINES_MODULE = YES;
				DYLIB_COMPATIBILITY_VERSION = 1;
				DYLIB_CURRENT_VERSION = 1;
				DYLIB_INSTALL_NAME_BASE = "@rpath";
				ENABLE_BITCODE = NO;
				FRAMEWORK_SEARCH_PATHS = "";
				HEADER_SEARCH_PATHS = (
					"$(inherited)",
					"$(SRCROOT)/ElectrodeApiImpl/Libraries/CodePush/**",
				);
				INFOPLIST_FILE = ElectrodeApiImpl/Info.plist;
				INSTALL_PATH = "$(LOCAL_LIBRARY_DIR)/Frameworks";
				IPHONEOS_DEPLOYMENT_TARGET = 9.0;
				LD_RUNPATH_SEARCH_PATHS = "$(inherited) @executable_path/Frameworks @loader_path/Frameworks";
				LIBRARY_SEARCH_PATHS = (
					"$(inherited)",
					"$(SRCROOT)/ElectrodeApiImpl/Libraries/ReactNative/**",
					"$(SRCROOT)/ElectrodeApiImpl/Libraries/CodePush/**",
				);
				OTHER_LDFLAGS = (
					"$(inherited)",
					"-ObjC",
					"-lc++",
					"-lz",
				);
				PRODUCT_BUNDLE_IDENTIFIER = com.walmartlabs.ern.ElectrodeApiImpl;
				PRODUCT_NAME = "$(TARGET_NAME)";
				SKIP_INSTALL = YES;
				SWIFT_VERSION = 5.0;
			};
			name = Release;
		};
		485009FB1E2FF23C009B6610 /* Debug */ = {
			isa = XCBuildConfiguration;
			buildSettings = {
				INFOPLIST_FILE = ElectrodeApiImplTests/Info.plist;
				LD_RUNPATH_SEARCH_PATHS = "$(inherited) @executable_path/Frameworks @loader_path/Frameworks";
				LIBRARY_SEARCH_PATHS = (
					"$(inherited)",
					"$(SRCROOT)/ElectrodeApiImpl/Libraries/ReactNative/**",
					"$(SRCROOT)/ElectrodeApiImpl/Libraries/CodePush/**",
				);
				PRODUCT_BUNDLE_IDENTIFIER = com.walmartlabs.ern.ElectrodeApiImplTests;
				PRODUCT_NAME = "$(TARGET_NAME)";
				TEST_HOST = "";
			};
			name = Debug;
		};
		485009FC1E2FF23C009B6610 /* Release */ = {
			isa = XCBuildConfiguration;
			buildSettings = {
				DEVELOPMENT_TEAM = DXZ5VF8836;
				HEADER_SEARCH_PATHS = (
					"$(inherited)",
					"$(SRCROOT)/ElectrodeApiImpl/Libraries/CodePush/**",
				);
				INFOPLIST_FILE = ElectrodeApiImplTests/Info.plist;
				LD_RUNPATH_SEARCH_PATHS = "$(inherited) @executable_path/Frameworks @loader_path/Frameworks";
				LIBRARY_SEARCH_PATHS = (
					"$(inherited)",
					"$(SRCROOT)/ElectrodeApiImpl/Libraries/ReactNative/**",
					"$(SRCROOT)/ElectrodeApiImpl/Libraries/CodePush/**",
				);
				PRODUCT_BUNDLE_IDENTIFIER = com.walmartlabs.ern.ElectrodeApiImplTests;
				PRODUCT_NAME = "$(TARGET_NAME)";
				TEST_HOST = "";
			};
			name = Release;
		};
/* End XCBuildConfiguration section */

/* Begin XCConfigurationList section */
		485009DD1E2FF23B009B6610 /* Build configuration list for PBXProject "ElectrodeApiImpl" */ = {
			isa = XCConfigurationList;
			buildConfigurations = (
				485009F51E2FF23C009B6610 /* Debug */,
				303268E41EA8139700A41A8F /* QADeployment */,
				485009F61E2FF23C009B6610 /* Release */,
			);
			defaultConfigurationIsVisible = 0;
			defaultConfigurationName = Release;
		};
		485009F71E2FF23C009B6610 /* Build configuration list for PBXNativeTarget "ElectrodeApiImpl" */ = {
			isa = XCConfigurationList;
			buildConfigurations = (
				485009F81E2FF23C009B6610 /* Debug */,
				303268E51EA8139700A41A8F /* QADeployment */,
				485009F91E2FF23C009B6610 /* Release */,
			);
			defaultConfigurationIsVisible = 0;
			defaultConfigurationName = Release;
		};
		485009FA1E2FF23C009B6610 /* Build configuration list for PBXNativeTarget "ElectrodeApiImplTests" */ = {
			isa = XCConfigurationList;
			buildConfigurations = (
				485009FB1E2FF23C009B6610 /* Debug */,
				303268E61EA8139700A41A8F /* QADeployment */,
				485009FC1E2FF23C009B6610 /* Release */,
			);
			defaultConfigurationIsVisible = 0;
			defaultConfigurationName = Release;
		};
/* End XCConfigurationList section */
	};
	rootObject = 485009DA1E2FF23B009B6610 /* Project object */;
}
